
Microsoft Visual Studio Solution File, Format Version 12.00
# Visual Studio Version 17
VisualStudioVersion = 17.12.35527.113 d17.12
MinimumVisualStudioVersion = 10.0.40219.1
Project("{FAE04EC0-301F-11D3-BF4B-00C04F79EFBC}") = "Nerpson", "Nerpson\Nerpson.csproj", "{7E65FE0F-88C7-45E2-847C-EA901B8C426D}"
EndProject
Global
	GlobalSection(SolutionConfigurationPlatforms) = preSolution
		Debug|Any CPU = Debug|Any CPU
		Release|Any CPU = Release|Any CPU
	EndGlobalSection
	GlobalSection(ProjectConfigurationPlatforms) = postSolution
		{7E65FE0F-88C7-45E2-847C-EA901B8C426D}.Debug|Any CPU.ActiveCfg = Debug|Any CPU
		{7E65FE0F-88C7-45E2-847C-EA901B8C426D}.Debug|Any CPU.Build.0 = Debug|Any CPU
		{7E65FE0F-88C7-45E2-847C-EA901B8C426D}.Release|Any CPU.ActiveCfg = Release|Any CPU
		{7E65FE0F-88C7-45E2-847C-EA901B8C426D}.Release|Any CPU.Build.0 = Release|Any CPU
	EndGlobalSection
	GlobalSection(SolutionProperties) = preSolution
		HideSolutionNode = FALSE
	EndGlobalSection
EndGlobal
